
Microsoft Visual Studio Solution File, Format Version 12.00
# Visual Studio Version 16
VisualStudioVersion = 16.0.31624.102
MinimumVisualStudioVersion = 10.0.40219.1
Project("{8BC9CEB8-8B4A-11D0-8D11-00A0C91BC942}") = "Lab1_6", "Lab1_6.vcxproj", "{994DC21F-180B-4886-8417-20C04D343515}"
EndProject
Global
	GlobalSection(SolutionConfigurationPlatforms) = preSolution
		Debug|x64 = Debug|x64
		Debug|x86 = Debug|x86
		Release|x64 = Release|x64
		Release|x86 = Release|x86
	EndGlobalSection
	GlobalSection(ProjectConfigurationPlatforms) = postSolution
		{994DC21F-180B-4886-8417-20C04D343515}.Debug|x64.ActiveCfg = Debug|x64
		{994DC21F-180B-4886-8417-20C04D343515}.Debug|x64.Build.0 = Debug|x64
		{994DC21F-180B-4886-8417-20C04D343515}.Debug|x86.ActiveCfg = Debug|Win32
		{994DC21F-180B-4886-8417-20C04D343515}.Debug|x86.Build.0 = Debug|Win32
		{994DC21F-180B-4886-8417-20C04D343515}.Release|x64.ActiveCfg = Release|x64
		{994DC21F-180B-4886-8417-20C04D343515}.Release|x64.Build.0 = Release|x64
		{994DC21F-180B-4886-8417-20C04D343515}.Release|x86.ActiveCfg = Release|Win32
		{994DC21F-180B-4886-8417-20C04D343515}.Release|x86.Build.0 = Release|Win32
	EndGlobalSection
	GlobalSection(SolutionProperties) = preSolution
		HideSolutionNode = FALSE
	EndGlobalSection
	GlobalSection(ExtensibilityGlobals) = postSolution
		SolutionGuid = {544C7BE1-C841-4886-B54C-68A4E4FA49DD}
	EndGlobalSection
EndGlobal
